
Microsoft Visual Studio Solution File, Format Version 12.00
# Visual Studio Version 17
VisualStudioVersion = 17.0.31903.59
MinimumVisualStudioVersion = 10.0.40219.1
Project("{FAE04EC0-301F-11D3-BF4B-00C04F79EFBC}") = "API", "API\API.csproj", "{2F1C2CEE-0520-4C79-A986-20F0EFC61089}"
EndProject
Project("{FAE04EC0-301F-11D3-BF4B-00C04F79EFBC}") = "Core", "Core\Core.csproj", "{BDD6384E-5847-48BF-B1DE-A2936A5CF42D}"
EndProject
Project("{FAE04EC0-301F-11D3-BF4B-00C04F79EFBC}") = "Infrastructure", "Infrastructure\Infrastructure.csproj", "{211BDF64-9EE0-4F7E-82E5-CDA658C1634F}"
EndProject
Global
	GlobalSection(SolutionConfigurationPlatforms) = preSolution
		Debug|Any CPU = Debug|Any CPU
		Release|Any CPU = Release|Any CPU
	EndGlobalSection
	GlobalSection(SolutionProperties) = preSolution
		HideSolutionNode = FALSE
	EndGlobalSection
	GlobalSection(ProjectConfigurationPlatforms) = postSolution
		{2F1C2CEE-0520-4C79-A986-20F0EFC61089}.Debug|Any CPU.ActiveCfg = Debug|Any CPU
		{2F1C2CEE-0520-4C79-A986-20F0EFC61089}.Debug|Any CPU.Build.0 = Debug|Any CPU
		{2F1C2CEE-0520-4C79-A986-20F0EFC61089}.Release|Any CPU.ActiveCfg = Release|Any CPU
		{2F1C2CEE-0520-4C79-A986-20F0EFC61089}.Release|Any CPU.Build.0 = Release|Any CPU
		{BDD6384E-5847-48BF-B1DE-A2936A5CF42D}.Debug|Any CPU.ActiveCfg = Debug|Any CPU
		{BDD6384E-5847-48BF-B1DE-A2936A5CF42D}.Debug|Any CPU.Build.0 = Debug|Any CPU
		{BDD6384E-5847-48BF-B1DE-A2936A5CF42D}.Release|Any CPU.ActiveCfg = Release|Any CPU
		{BDD6384E-5847-48BF-B1DE-A2936A5CF42D}.Release|Any CPU.Build.0 = Release|Any CPU
		{211BDF64-9EE0-4F7E-82E5-CDA658C1634F}.Debug|Any CPU.ActiveCfg = Debug|Any CPU
		{211BDF64-9EE0-4F7E-82E5-CDA658C1634F}.Debug|Any CPU.Build.0 = Debug|Any CPU
		{211BDF64-9EE0-4F7E-82E5-CDA658C1634F}.Release|Any CPU.ActiveCfg = Release|Any CPU
		{211BDF64-9EE0-4F7E-82E5-CDA658C1634F}.Release|Any CPU.Build.0 = Release|Any CPU
	EndGlobalSection
EndGlobal
